
Microsoft Visual Studio Solution File, Format Version 12.00
# Visual Studio Version 17
VisualStudioVersion = 17.1.32407.343
MinimumVisualStudioVersion = 10.0.40219.1
Project("{FAE04EC0-301F-11D3-BF4B-00C04F79EFBC}") = "Авиабилеты", "Авиабилеты\Авиабилеты.csproj", "{C0B1C88E-F3B7-44B9-BCCC-F69A2B8E8C64}"
EndProject
Global
	GlobalSection(SolutionConfigurationPlatforms) = preSolution
		Debug|Any CPU = Debug|Any CPU
		Release|Any CPU = Release|Any CPU
	EndGlobalSection
	GlobalSection(ProjectConfigurationPlatforms) = postSolution
		{C0B1C88E-F3B7-44B9-BCCC-F69A2B8E8C64}.Debug|Any CPU.ActiveCfg = Debug|Any CPU
		{C0B1C88E-F3B7-44B9-BCCC-F69A2B8E8C64}.Debug|Any CPU.Build.0 = Debug|Any CPU
		{C0B1C88E-F3B7-44B9-BCCC-F69A2B8E8C64}.Release|Any CPU.ActiveCfg = Release|Any CPU
		{C0B1C88E-F3B7-44B9-BCCC-F69A2B8E8C64}.Release|Any CPU.Build.0 = Release|Any CPU
	EndGlobalSection
	GlobalSection(SolutionProperties) = preSolution
		HideSolutionNode = FALSE
	EndGlobalSection
	GlobalSection(ExtensibilityGlobals) = postSolution
		SolutionGuid = {7E25472B-9EF2-478D-8C85-2EC5F658D9A3}
	EndGlobalSection
EndGlobal
